// !$*UTF8*$!
{
	archiveVersion = 1;
	classes = {
	};
	objectVersion = 56;
	objects = {

/* Begin PBXBuildFile section */
		8031FDB429313B1000A387CC /* InteractionWall.swift in Sources */ = {isa = PBXBuildFile; fileRef = 8031FDB329313B1000A387CC /* InteractionWall.swift */; };
		80724B07292B094000171CBC /* SecondLevel.sks in Resources */ = {isa = PBXBuildFile; fileRef = 80724B06292B094000171CBC /* SecondLevel.sks */; };
		80724B09292BCC7A00171CBC /* ThirdLevel.sks in Resources */ = {isa = PBXBuildFile; fileRef = 80724B08292BCC7A00171CBC /* ThirdLevel.sks */; };
		80A95249292D4EAB005F4315 /* Collision.swift in Sources */ = {isa = PBXBuildFile; fileRef = 80A95248292D4EAB005F4315 /* Collision.swift */; };
		80EF34172925B44B00C8495F /* XunathNewProjectApp.swift in Sources */ = {isa = PBXBuildFile; fileRef = 80EF34162925B44B00C8495F /* XunathNewProjectApp.swift */; };
		80EF34192925B44B00C8495F /* ContentView.swift in Sources */ = {isa = PBXBuildFile; fileRef = 80EF34182925B44B00C8495F /* ContentView.swift */; };
		80EF341E2925B44C00C8495F /* Preview Assets.xcassets in Resources */ = {isa = PBXBuildFile; fileRef = 80EF341D2925B44C00C8495F /* Preview Assets.xcassets */; };
		80EF34292925B44D00C8495F /* XunathNewProjectTests.swift in Sources */ = {isa = PBXBuildFile; fileRef = 80EF34282925B44D00C8495F /* XunathNewProjectTests.swift */; };
		80EF34332925B44D00C8495F /* XunathNewProjectUITests.swift in Sources */ = {isa = PBXBuildFile; fileRef = 80EF34322925B44D00C8495F /* XunathNewProjectUITests.swift */; };
		80EF34352925B44D00C8495F /* XunathNewProjectUITestsLaunchTests.swift in Sources */ = {isa = PBXBuildFile; fileRef = 80EF34342925B44D00C8495F /* XunathNewProjectUITestsLaunchTests.swift */; };
		80EF34532925B61D00C8495F /* Ground.sks in Resources */ = {isa = PBXBuildFile; fileRef = 80EF34502925B61D00C8495F /* Ground.sks */; };
		80EF34542925B61D00C8495F /* Assets.xcassets in Resources */ = {isa = PBXBuildFile; fileRef = 80EF34512925B61D00C8495F /* Assets.xcassets */; };
		80EF34552925B61D00C8495F /* Walls.sks in Resources */ = {isa = PBXBuildFile; fileRef = 80EF34522925B61D00C8495F /* Walls.sks */; };
		80EF34612925B67500C8495F /* menuPrincipal.mp3 in Resources */ = {isa = PBXBuildFile; fileRef = 80EF345A2925B67500C8495F /* menuPrincipal.mp3 */; };
		80EF34622925B67500C8495F /* ouchie.wav in Resources */ = {isa = PBXBuildFile; fileRef = 80EF345B2925B67500C8495F /* ouchie.wav */; };
		80EF34632925B67500C8495F /* button.wav in Resources */ = {isa = PBXBuildFile; fileRef = 80EF345C2925B67500C8495F /* button.wav */; };
		80EF34642925B67500C8495F /* capitalismo.wav in Resources */ = {isa = PBXBuildFile; fileRef = 80EF345D2925B67500C8495F /* capitalismo.wav */; };
		80EF34652925B67500C8495F /* mori.mp3 in Resources */ = {isa = PBXBuildFile; fileRef = 80EF345E2925B67500C8495F /* mori.mp3 */; };
		80EF34662925B67500C8495F /* Alagard.ttf in Resources */ = {isa = PBXBuildFile; fileRef = 80EF34602925B67500C8495F /* Alagard.ttf */; };
		80EF346C2925B6B100C8495F /* AudioPlayerImplementation.swift in Sources */ = {isa = PBXBuildFile; fileRef = 80EF34682925B6B100C8495F /* AudioPlayerImplementation.swift */; };
		80EF346D2925B6B100C8495F /* AudioFiles.swift in Sources */ = {isa = PBXBuildFile; fileRef = 80EF34692925B6B100C8495F /* AudioFiles.swift */; };
		80EF346E2925B6B100C8495F /* AVAudioPlayer+Extension.swift in Sources */ = {isa = PBXBuildFile; fileRef = 80EF346A2925B6B100C8495F /* AVAudioPlayer+Extension.swift */; };
		80EF346F2925B6B100C8495F /* SoundFile.swift in Sources */ = {isa = PBXBuildFile; fileRef = 80EF346B2925B6B100C8495F /* SoundFile.swift */; };
		80EF34722925B6E600C8495F /* Keybinds.swift in Sources */ = {isa = PBXBuildFile; fileRef = 80EF34702925B6E600C8495F /* Keybinds.swift */; };
		80EF34732925B6E600C8495F /* BitMasks.swift in Sources */ = {isa = PBXBuildFile; fileRef = 80EF34712925B6E600C8495F /* BitMasks.swift */; };
		80EF34762925B71C00C8495F /* MainCharModel.swift in Sources */ = {isa = PBXBuildFile; fileRef = 80EF34752925B71B00C8495F /* MainCharModel.swift */; };
		80EF347A2925B8F100C8495F /* FirstLevel.swift in Sources */ = {isa = PBXBuildFile; fileRef = 80EF34792925B8F100C8495F /* FirstLevel.swift */; };
		80EF347C2925B96B00C8495F /* MainCharacter.swift in Sources */ = {isa = PBXBuildFile; fileRef = 80EF347B2925B96B00C8495F /* MainCharacter.swift */; };
		80EF347E2925BA2E00C8495F /* AnimatedCharacter.swift in Sources */ = {isa = PBXBuildFile; fileRef = 80EF347D2925BA2D00C8495F /* AnimatedCharacter.swift */; };
		80EF34822925BAAA00C8495F /* PlayerControllable.swift in Sources */ = {isa = PBXBuildFile; fileRef = 80EF34812925BAAA00C8495F /* PlayerControllable.swift */; };
		80EF34842925BACD00C8495F /* Collidable.swift in Sources */ = {isa = PBXBuildFile; fileRef = 80EF34832925BACD00C8495F /* Collidable.swift */; };
		80EF34862925BB0800C8495F /* CombatAttributes.swift in Sources */ = {isa = PBXBuildFile; fileRef = 80EF34852925BB0800C8495F /* CombatAttributes.swift */; };
		80EF34882925BB3600C8495F /* AnimationSet.swift in Sources */ = {isa = PBXBuildFile; fileRef = 80EF34872925BB3600C8495F /* AnimationSet.swift */; };
		80EF348A2925BB4D00C8495F /* CombatSkillsPlayer.swift in Sources */ = {isa = PBXBuildFile; fileRef = 80EF34892925BB4C00C8495F /* CombatSkillsPlayer.swift */; };
		80EF348C2925BD5500C8495F /* MainCamera.swift in Sources */ = {isa = PBXBuildFile; fileRef = 80EF348B2925BD5500C8495F /* MainCamera.swift */; };
		80EF34922925BEC500C8495F /* Enemy.swift in Sources */ = {isa = PBXBuildFile; fileRef = 80EF34912925BEC500C8495F /* Enemy.swift */; };
		80EF34942925BF2E00C8495F /* KindOfEnemy.swift in Sources */ = {isa = PBXBuildFile; fileRef = 80EF34932925BF2E00C8495F /* KindOfEnemy.swift */; };
		80EF34962925BF6200C8495F /* FlyweightAnimatedEnemy.swift in Sources */ = {isa = PBXBuildFile; fileRef = 80EF34952925BF6200C8495F /* FlyweightAnimatedEnemy.swift */; };
		80EF34982925BF8100C8495F /* CombatSkillsEnemy.swift in Sources */ = {isa = PBXBuildFile; fileRef = 80EF34972925BF8100C8495F /* CombatSkillsEnemy.swift */; };
		80EF349B2925BFD800C8495F /* EnemyMovevement.swift in Sources */ = {isa = PBXBuildFile; fileRef = 80EF349A2925BFD800C8495F /* EnemyMovevement.swift */; };
		80EF349E2925BFE800C8495F /* EnemyVision.swift in Sources */ = {isa = PBXBuildFile; fileRef = 80EF349D2925BFE800C8495F /* EnemyVision.swift */; };
		80EF34A02925C00A00C8495F /* EnemyFlyweight.swift in Sources */ = {isa = PBXBuildFile; fileRef = 80EF349F2925C00A00C8495F /* EnemyFlyweight.swift */; };
		80EFC64429382FFC00E6ABD3 /* FirstLevelWords.swift in Sources */ = {isa = PBXBuildFile; fileRef = 80EFC64329382FFC00E6ABD3 /* FirstLevelWords.swift */; };
		80EFC6472939468000E6ABD3 /* TextWall.sks in Resources */ = {isa = PBXBuildFile; fileRef = 80EFC6452939468000E6ABD3 /* TextWall.sks */; };
		8933281A2935A0F600DB78D8 /* FirstLevelView.swift in Sources */ = {isa = PBXBuildFile; fileRef = 893328192935A0F600DB78D8 /* FirstLevelView.swift */; };
		896FB6B92935010A005A1BB4 /* MainMenuView.swift in Sources */ = {isa = PBXBuildFile; fileRef = 896FB6B82935010A005A1BB4 /* MainMenuView.swift */; };
		896FB6BB2935029D005A1BB4 /* SceneManager.swift in Sources */ = {isa = PBXBuildFile; fileRef = 896FB6BA2935029D005A1BB4 /* SceneManager.swift */; };
		896FB6BD293504EA005A1BB4 /* StaticScreenSize.swift in Sources */ = {isa = PBXBuildFile; fileRef = 896FB6BC293504EA005A1BB4 /* StaticScreenSize.swift */; };
		8976BEB6293656C8003C6A9A /* FirstLevel.sks in Resources */ = {isa = PBXBuildFile; fileRef = 8976BEB5293656C8003C6A9A /* FirstLevel.sks */; };
		898D1C2A292B2E740044F6D0 /* Level1.strings in Resources */ = {isa = PBXBuildFile; fileRef = 898D1C29292B2E740044F6D0 /* Level1.strings */; };
		89ED1AF0292BF2600038F13C /* GameResources.swift in Sources */ = {isa = PBXBuildFile; fileRef = 89ED1AEF292BF2600038F13C /* GameResources.swift */; };
		89F69BF5292D4BF400C36DFB /* SaveManager.swift in Sources */ = {isa = PBXBuildFile; fileRef = 89F69BF4292D4BF400C36DFB /* SaveManager.swift */; };
/* End PBXBuildFile section */

/* Begin PBXContainerItemProxy section */
		80EF34252925B44D00C8495F /* PBXContainerItemProxy */ = {
			isa = PBXContainerItemProxy;
			containerPortal = 80EF340B2925B44B00C8495F /* Project object */;
			proxyType = 1;
			remoteGlobalIDString = 80EF34122925B44B00C8495F;
			remoteInfo = XunathNewProject;
		};
		80EF342F2925B44D00C8495F /* PBXContainerItemProxy */ = {
			isa = PBXContainerItemProxy;
			containerPortal = 80EF340B2925B44B00C8495F /* Project object */;
			proxyType = 1;
			remoteGlobalIDString = 80EF34122925B44B00C8495F;
			remoteInfo = XunathNewProject;
		};
/* End PBXContainerItemProxy section */

/* Begin PBXFileReference section */
		8031FDB329313B1000A387CC /* InteractionWall.swift */ = {isa = PBXFileReference; lastKnownFileType = sourcecode.swift; path = InteractionWall.swift; sourceTree = "<group>"; };
		80724B06292B094000171CBC /* SecondLevel.sks */ = {isa = PBXFileReference; lastKnownFileType = file.sks; path = SecondLevel.sks; sourceTree = "<group>"; };
		80724B08292BCC7A00171CBC /* ThirdLevel.sks */ = {isa = PBXFileReference; lastKnownFileType = file.sks; path = ThirdLevel.sks; sourceTree = "<group>"; };
		80A95248292D4EAB005F4315 /* Collision.swift */ = {isa = PBXFileReference; lastKnownFileType = sourcecode.swift; path = Collision.swift; sourceTree = "<group>"; };
		80EF34132925B44B00C8495F /* XunathNewProject.app */ = {isa = PBXFileReference; explicitFileType = wrapper.application; includeInIndex = 0; path = XunathNewProject.app; sourceTree = BUILT_PRODUCTS_DIR; };
		80EF34162925B44B00C8495F /* XunathNewProjectApp.swift */ = {isa = PBXFileReference; lastKnownFileType = sourcecode.swift; path = XunathNewProjectApp.swift; sourceTree = "<group>"; };
		80EF34182925B44B00C8495F /* ContentView.swift */ = {isa = PBXFileReference; lastKnownFileType = sourcecode.swift; path = ContentView.swift; sourceTree = "<group>"; };
		80EF341D2925B44C00C8495F /* Preview Assets.xcassets */ = {isa = PBXFileReference; lastKnownFileType = folder.assetcatalog; path = "Preview Assets.xcassets"; sourceTree = "<group>"; };
		80EF341F2925B44C00C8495F /* XunathNewProject.entitlements */ = {isa = PBXFileReference; lastKnownFileType = text.plist.entitlements; path = XunathNewProject.entitlements; sourceTree = "<group>"; };
		80EF34242925B44D00C8495F /* XunathNewProjectTests.xctest */ = {isa = PBXFileReference; explicitFileType = wrapper.cfbundle; includeInIndex = 0; path = XunathNewProjectTests.xctest; sourceTree = BUILT_PRODUCTS_DIR; };
		80EF34282925B44D00C8495F /* XunathNewProjectTests.swift */ = {isa = PBXFileReference; lastKnownFileType = sourcecode.swift; path = XunathNewProjectTests.swift; sourceTree = "<group>"; };
		80EF342E2925B44D00C8495F /* XunathNewProjectUITests.xctest */ = {isa = PBXFileReference; explicitFileType = wrapper.cfbundle; includeInIndex = 0; path = XunathNewProjectUITests.xctest; sourceTree = BUILT_PRODUCTS_DIR; };
		80EF34322925B44D00C8495F /* XunathNewProjectUITests.swift */ = {isa = PBXFileReference; lastKnownFileType = sourcecode.swift; path = XunathNewProjectUITests.swift; sourceTree = "<group>"; };
		80EF34342925B44D00C8495F /* XunathNewProjectUITestsLaunchTests.swift */ = {isa = PBXFileReference; lastKnownFileType = sourcecode.swift; path = XunathNewProjectUITestsLaunchTests.swift; sourceTree = "<group>"; };
		80EF34502925B61D00C8495F /* Ground.sks */ = {isa = PBXFileReference; lastKnownFileType = file.sks; path = Ground.sks; sourceTree = "<group>"; };
		80EF34512925B61D00C8495F /* Assets.xcassets */ = {isa = PBXFileReference; lastKnownFileType = folder.assetcatalog; path = Assets.xcassets; sourceTree = "<group>"; };
		80EF34522925B61D00C8495F /* Walls.sks */ = {isa = PBXFileReference; lastKnownFileType = file.sks; path = Walls.sks; sourceTree = "<group>"; };
		80EF345A2925B67500C8495F /* menuPrincipal.mp3 */ = {isa = PBXFileReference; lastKnownFileType = audio.mp3; path = menuPrincipal.mp3; sourceTree = "<group>"; };
		80EF345B2925B67500C8495F /* ouchie.wav */ = {isa = PBXFileReference; lastKnownFileType = audio.wav; path = ouchie.wav; sourceTree = "<group>"; };
		80EF345C2925B67500C8495F /* button.wav */ = {isa = PBXFileReference; lastKnownFileType = audio.wav; path = button.wav; sourceTree = "<group>"; };
		80EF345D2925B67500C8495F /* capitalismo.wav */ = {isa = PBXFileReference; lastKnownFileType = audio.wav; path = capitalismo.wav; sourceTree = "<group>"; };
		80EF345E2925B67500C8495F /* mori.mp3 */ = {isa = PBXFileReference; lastKnownFileType = audio.mp3; path = mori.mp3; sourceTree = "<group>"; };
		80EF34602925B67500C8495F /* Alagard.ttf */ = {isa = PBXFileReference; lastKnownFileType = file; path = Alagard.ttf; sourceTree = "<group>"; };
		80EF34682925B6B100C8495F /* AudioPlayerImplementation.swift */ = {isa = PBXFileReference; fileEncoding = 4; lastKnownFileType = sourcecode.swift; path = AudioPlayerImplementation.swift; sourceTree = "<group>"; };
		80EF34692925B6B100C8495F /* AudioFiles.swift */ = {isa = PBXFileReference; fileEncoding = 4; lastKnownFileType = sourcecode.swift; path = AudioFiles.swift; sourceTree = "<group>"; };
		80EF346A2925B6B100C8495F /* AVAudioPlayer+Extension.swift */ = {isa = PBXFileReference; fileEncoding = 4; lastKnownFileType = sourcecode.swift; path = "AVAudioPlayer+Extension.swift"; sourceTree = "<group>"; };
		80EF346B2925B6B100C8495F /* SoundFile.swift */ = {isa = PBXFileReference; fileEncoding = 4; lastKnownFileType = sourcecode.swift; path = SoundFile.swift; sourceTree = "<group>"; };
		80EF34702925B6E600C8495F /* Keybinds.swift */ = {isa = PBXFileReference; fileEncoding = 4; lastKnownFileType = sourcecode.swift; path = Keybinds.swift; sourceTree = "<group>"; };
		80EF34712925B6E600C8495F /* BitMasks.swift */ = {isa = PBXFileReference; fileEncoding = 4; lastKnownFileType = sourcecode.swift; path = BitMasks.swift; sourceTree = "<group>"; };
		80EF34752925B71B00C8495F /* MainCharModel.swift */ = {isa = PBXFileReference; fileEncoding = 4; lastKnownFileType = sourcecode.swift; path = MainCharModel.swift; sourceTree = "<group>"; };
		80EF34792925B8F100C8495F /* FirstLevel.swift */ = {isa = PBXFileReference; lastKnownFileType = sourcecode.swift; path = FirstLevel.swift; sourceTree = "<group>"; };
		80EF347B2925B96B00C8495F /* MainCharacter.swift */ = {isa = PBXFileReference; fileEncoding = 4; lastKnownFileType = sourcecode.swift; path = MainCharacter.swift; sourceTree = "<group>"; };
		80EF347D2925BA2D00C8495F /* AnimatedCharacter.swift */ = {isa = PBXFileReference; fileEncoding = 4; lastKnownFileType = sourcecode.swift; path = AnimatedCharacter.swift; sourceTree = "<group>"; };
		80EF34812925BAAA00C8495F /* PlayerControllable.swift */ = {isa = PBXFileReference; fileEncoding = 4; lastKnownFileType = sourcecode.swift; path = PlayerControllable.swift; sourceTree = "<group>"; };
		80EF34832925BACD00C8495F /* Collidable.swift */ = {isa = PBXFileReference; fileEncoding = 4; lastKnownFileType = sourcecode.swift; path = Collidable.swift; sourceTree = "<group>"; };
		80EF34852925BB0800C8495F /* CombatAttributes.swift */ = {isa = PBXFileReference; fileEncoding = 4; lastKnownFileType = sourcecode.swift; path = CombatAttributes.swift; sourceTree = "<group>"; };
		80EF34872925BB3600C8495F /* AnimationSet.swift */ = {isa = PBXFileReference; fileEncoding = 4; lastKnownFileType = sourcecode.swift; path = AnimationSet.swift; sourceTree = "<group>"; };
		80EF34892925BB4C00C8495F /* CombatSkillsPlayer.swift */ = {isa = PBXFileReference; fileEncoding = 4; lastKnownFileType = sourcecode.swift; path = CombatSkillsPlayer.swift; sourceTree = "<group>"; };
		80EF348B2925BD5500C8495F /* MainCamera.swift */ = {isa = PBXFileReference; fileEncoding = 4; lastKnownFileType = sourcecode.swift; path = MainCamera.swift; sourceTree = "<group>"; };
		80EF34912925BEC500C8495F /* Enemy.swift */ = {isa = PBXFileReference; lastKnownFileType = sourcecode.swift; path = Enemy.swift; sourceTree = "<group>"; };
		80EF34932925BF2E00C8495F /* KindOfEnemy.swift */ = {isa = PBXFileReference; fileEncoding = 4; lastKnownFileType = sourcecode.swift; path = KindOfEnemy.swift; sourceTree = "<group>"; };
		80EF34952925BF6200C8495F /* FlyweightAnimatedEnemy.swift */ = {isa = PBXFileReference; fileEncoding = 4; lastKnownFileType = sourcecode.swift; path = FlyweightAnimatedEnemy.swift; sourceTree = "<group>"; };
		80EF34972925BF8100C8495F /* CombatSkillsEnemy.swift */ = {isa = PBXFileReference; fileEncoding = 4; lastKnownFileType = sourcecode.swift; path = CombatSkillsEnemy.swift; sourceTree = "<group>"; };
		80EF349A2925BFD800C8495F /* EnemyMovevement.swift */ = {isa = PBXFileReference; fileEncoding = 4; lastKnownFileType = sourcecode.swift; path = EnemyMovevement.swift; sourceTree = "<group>"; };
		80EF349D2925BFE800C8495F /* EnemyVision.swift */ = {isa = PBXFileReference; fileEncoding = 4; lastKnownFileType = sourcecode.swift; path = EnemyVision.swift; sourceTree = "<group>"; };
		80EF349F2925C00A00C8495F /* EnemyFlyweight.swift */ = {isa = PBXFileReference; fileEncoding = 4; lastKnownFileType = sourcecode.swift; path = EnemyFlyweight.swift; sourceTree = "<group>"; };
		80EFC64329382FFC00E6ABD3 /* FirstLevelWords.swift */ = {isa = PBXFileReference; lastKnownFileType = sourcecode.swift; path = FirstLevelWords.swift; sourceTree = "<group>"; };
		80EFC6452939468000E6ABD3 /* TextWall.sks */ = {isa = PBXFileReference; lastKnownFileType = file.sks; name = TextWall.sks; path = ../../../../../Documents/TextWall.sks; sourceTree = "<group>"; };
		893328192935A0F600DB78D8 /* FirstLevelView.swift */ = {isa = PBXFileReference; lastKnownFileType = sourcecode.swift; path = FirstLevelView.swift; sourceTree = "<group>"; };
		896FB6B82935010A005A1BB4 /* MainMenuView.swift */ = {isa = PBXFileReference; fileEncoding = 4; lastKnownFileType = sourcecode.swift; path = MainMenuView.swift; sourceTree = "<group>"; };
		896FB6BA2935029D005A1BB4 /* SceneManager.swift */ = {isa = PBXFileReference; lastKnownFileType = sourcecode.swift; name = SceneManager.swift; path = XunathNewProject/Entities/SceneManager.swift; sourceTree = SOURCE_ROOT; };
		896FB6BC293504EA005A1BB4 /* StaticScreenSize.swift */ = {isa = PBXFileReference; lastKnownFileType = sourcecode.swift; path = StaticScreenSize.swift; sourceTree = "<group>"; };
		8976BEB5293656C8003C6A9A /* FirstLevel.sks */ = {isa = PBXFileReference; lastKnownFileType = file.sks; path = FirstLevel.sks; sourceTree = "<group>"; };
		898D1C29292B2E740044F6D0 /* Level1.strings */ = {isa = PBXFileReference; lastKnownFileType = text.plist.strings; path = Level1.strings; sourceTree = "<group>"; };
		89ED1AEF292BF2600038F13C /* GameResources.swift */ = {isa = PBXFileReference; lastKnownFileType = sourcecode.swift; path = GameResources.swift; sourceTree = "<group>"; };
		89F69BF4292D4BF400C36DFB /* SaveManager.swift */ = {isa = PBXFileReference; lastKnownFileType = sourcecode.swift; name = SaveManager.swift; path = XunathNewProject/Helpers/SaveManager.swift; sourceTree = SOURCE_ROOT; };
/* End PBXFileReference section */

/* Begin PBXFrameworksBuildPhase section */
		80EF34102925B44B00C8495F /* Frameworks */ = {
			isa = PBXFrameworksBuildPhase;
			buildActionMask = 2147483647;
			files = (
			);
			runOnlyForDeploymentPostprocessing = 0;
		};
		80EF34212925B44D00C8495F /* Frameworks */ = {
			isa = PBXFrameworksBuildPhase;
			buildActionMask = 2147483647;
			files = (
			);
			runOnlyForDeploymentPostprocessing = 0;
		};
		80EF342B2925B44D00C8495F /* Frameworks */ = {
			isa = PBXFrameworksBuildPhase;
			buildActionMask = 2147483647;
			files = (
			);
			runOnlyForDeploymentPostprocessing = 0;
		};
/* End PBXFrameworksBuildPhase section */

/* Begin PBXGroup section */
		80EF340A2925B44B00C8495F = {
			isa = PBXGroup;
			children = (
				80EF34152925B44B00C8495F /* XunathNewProject */,
				80EF34272925B44D00C8495F /* XunathNewProjectTests */,
				80EF34312925B44D00C8495F /* XunathNewProjectUITests */,
				80EF34142925B44B00C8495F /* Products */,
			);
			sourceTree = "<group>";
		};
		80EF34142925B44B00C8495F /* Products */ = {
			isa = PBXGroup;
			children = (
				80EF34132925B44B00C8495F /* XunathNewProject.app */,
				80EF34242925B44D00C8495F /* XunathNewProjectTests.xctest */,
				80EF342E2925B44D00C8495F /* XunathNewProjectUITests.xctest */,
			);
			name = Products;
			sourceTree = "<group>";
		};
		80EF34152925B44B00C8495F /* XunathNewProject */ = {
			isa = PBXGroup;
			children = (
				80EF34742925B71200C8495F /* Model */,
				80EF344D2925B50A00C8495F /* Resources */,
				80EF344A2925B4DD00C8495F /* Entities */,
				80EF34492925B4CE00C8495F /* Helpers */,
				80EF34472925B49F00C8495F /* System */,
				80EF34462925B49200C8495F /* Components */,
				80EF34162925B44B00C8495F /* XunathNewProjectApp.swift */,
				80EF34182925B44B00C8495F /* ContentView.swift */,
				80EF341F2925B44C00C8495F /* XunathNewProject.entitlements */,
				80EF341C2925B44C00C8495F /* Preview Content */,
			);
			path = XunathNewProject;
			sourceTree = "<group>";
		};
		80EF341C2925B44C00C8495F /* Preview Content */ = {
			isa = PBXGroup;
			children = (
				80EF341D2925B44C00C8495F /* Preview Assets.xcassets */,
			);
			path = "Preview Content";
			sourceTree = "<group>";
		};
		80EF34272925B44D00C8495F /* XunathNewProjectTests */ = {
			isa = PBXGroup;
			children = (
				80EF34282925B44D00C8495F /* XunathNewProjectTests.swift */,
			);
			path = XunathNewProjectTests;
			sourceTree = "<group>";
		};
		80EF34312925B44D00C8495F /* XunathNewProjectUITests */ = {
			isa = PBXGroup;
			children = (
				80EF34322925B44D00C8495F /* XunathNewProjectUITests.swift */,
				80EF34342925B44D00C8495F /* XunathNewProjectUITestsLaunchTests.swift */,
			);
			path = XunathNewProjectUITests;
			sourceTree = "<group>";
		};
		80EF34412925B45600C8495F /* MainMenu */ = {
			isa = PBXGroup;
			children = (
				896FB6B82935010A005A1BB4 /* MainMenuView.swift */,
			);
			path = MainMenu;
			sourceTree = "<group>";
		};
		80EF34422925B46900C8495F /* GameScene */ = {
			isa = PBXGroup;
			children = (
				80EF34432925B47B00C8495F /* FirstLevel */,
			);
			path = GameScene;
			sourceTree = "<group>";
		};
		80EF34432925B47B00C8495F /* FirstLevel */ = {
			isa = PBXGroup;
			children = (
				80EF34792925B8F100C8495F /* FirstLevel.swift */,
				893328192935A0F600DB78D8 /* FirstLevelView.swift */,
				80EFC64329382FFC00E6ABD3 /* FirstLevelWords.swift */,
			);
			path = FirstLevel;
			sourceTree = "<group>";
		};
		80EF34442925B48300C8495F /* SceneManager */ = {
			isa = PBXGroup;
			children = (
				896FB6BA2935029D005A1BB4 /* SceneManager.swift */,
			);
			path = SceneManager;
			sourceTree = "<group>";
		};
		80EF34452925B48C00C8495F /* SoundManager */ = {
			isa = PBXGroup;
			children = (
				80EF34692925B6B100C8495F /* AudioFiles.swift */,
				80EF34682925B6B100C8495F /* AudioPlayerImplementation.swift */,
				80EF346A2925B6B100C8495F /* AVAudioPlayer+Extension.swift */,
				80EF346B2925B6B100C8495F /* SoundFile.swift */,
			);
			path = SoundManager;
			sourceTree = "<group>";
		};
		80EF34462925B49200C8495F /* Components */ = {
			isa = PBXGroup;
			children = (
				80EF349C2925BFE800C8495F /* EnemyVision */,
				80EF34992925BFD800C8495F /* EnemyMovement */,
				80EF34972925BF8100C8495F /* CombatSkillsEnemy.swift */,
				80EF349F2925C00A00C8495F /* EnemyFlyweight.swift */,
				80EF34952925BF6200C8495F /* FlyweightAnimatedEnemy.swift */,
				80EF34932925BF2E00C8495F /* KindOfEnemy.swift */,
				80EF34892925BB4C00C8495F /* CombatSkillsPlayer.swift */,
				80EF34852925BB0800C8495F /* CombatAttributes.swift */,
				80EF34832925BACD00C8495F /* Collidable.swift */,
				80EF34812925BAAA00C8495F /* PlayerControllable.swift */,
				80EF347D2925BA2D00C8495F /* AnimatedCharacter.swift */,
			);
			path = Components;
			sourceTree = "<group>";
		};
		80EF34472925B49F00C8495F /* System */ = {
			isa = PBXGroup;
			children = (
				80EF344C2925B4FA00C8495F /* SaveManager */,
				80EF344B2925B4E900C8495F /* LoadManager */,
				80EF34482925B4C000C8495F /* CombatScene */,
				80EF34412925B45600C8495F /* MainMenu */,
				80EF34422925B46900C8495F /* GameScene */,
				80EF34442925B48300C8495F /* SceneManager */,
				80EF34452925B48C00C8495F /* SoundManager */,
			);
			path = System;
			sourceTree = "<group>";
		};
		80EF34482925B4C000C8495F /* CombatScene */ = {
			isa = PBXGroup;
			children = (
			);
			path = CombatScene;
			sourceTree = "<group>";
		};
		80EF34492925B4CE00C8495F /* Helpers */ = {
			isa = PBXGroup;
			children = (
				898D1C28292B2E5F0044F6D0 /* Localizable */,
				80EF34872925BB3600C8495F /* AnimationSet.swift */,
				80EF34712925B6E600C8495F /* BitMasks.swift */,
				80EF34702925B6E600C8495F /* Keybinds.swift */,
				80A95248292D4EAB005F4315 /* Collision.swift */,
				89ED1AEF292BF2600038F13C /* GameResources.swift */,
				896FB6BC293504EA005A1BB4 /* StaticScreenSize.swift */,
			);
			path = Helpers;
			sourceTree = "<group>";
		};
		80EF344A2925B4DD00C8495F /* Entities */ = {
			isa = PBXGroup;
			children = (
				80EF348B2925BD5500C8495F /* MainCamera.swift */,
				80EF347B2925B96B00C8495F /* MainCharacter.swift */,
				80EF34912925BEC500C8495F /* Enemy.swift */,
				8031FDB329313B1000A387CC /* InteractionWall.swift */,
			);
			path = Entities;
			sourceTree = "<group>";
		};
		80EF344B2925B4E900C8495F /* LoadManager */ = {
			isa = PBXGroup;
			children = (
			);
			path = LoadManager;
			sourceTree = "<group>";
		};
		80EF344C2925B4FA00C8495F /* SaveManager */ = {
			isa = PBXGroup;
			children = (
				89F69BF4292D4BF400C36DFB /* SaveManager.swift */,
			);
			path = SaveManager;
			sourceTree = "<group>";
		};
		80EF344D2925B50A00C8495F /* Resources */ = {
			isa = PBXGroup;
			children = (
				80EF34582925B67500C8495F /* Audio */,
				80EF345F2925B67500C8495F /* Fonts */,
				80EF34572925B64800C8495F /* TileMaps */,
				80EF34562925B63D00C8495F /* Maps */,
				80EF34512925B61D00C8495F /* Assets.xcassets */,
			);
			path = Resources;
			sourceTree = "<group>";
		};
		80EF34562925B63D00C8495F /* Maps */ = {
			isa = PBXGroup;
			children = (
				8976BEB5293656C8003C6A9A /* FirstLevel.sks */,
				80724B06292B094000171CBC /* SecondLevel.sks */,
				80724B08292BCC7A00171CBC /* ThirdLevel.sks */,
			);
			path = Maps;
			sourceTree = "<group>";
		};
		80EF34572925B64800C8495F /* TileMaps */ = {
			isa = PBXGroup;
			children = (
				80EF34502925B61D00C8495F /* Ground.sks */,
				80EF34522925B61D00C8495F /* Walls.sks */,
				80EFC6452939468000E6ABD3 /* TextWall.sks */,
			);
			path = TileMaps;
			sourceTree = "<group>";
		};
		80EF34582925B67500C8495F /* Audio */ = {
			isa = PBXGroup;
			children = (
				80EF34672925B68300C8495F /* Music */,
				80EF34592925B67500C8495F /* SFX */,
			);
			path = Audio;
			sourceTree = "<group>";
		};
		80EF34592925B67500C8495F /* SFX */ = {
			isa = PBXGroup;
			children = (
				80EF345B2925B67500C8495F /* ouchie.wav */,
				80EF345C2925B67500C8495F /* button.wav */,
				80EF345D2925B67500C8495F /* capitalismo.wav */,
				80EF345E2925B67500C8495F /* mori.mp3 */,
			);
			path = SFX;
			sourceTree = "<group>";
		};
		80EF345F2925B67500C8495F /* Fonts */ = {
			isa = PBXGroup;
			children = (
				80EF34602925B67500C8495F /* Alagard.ttf */,
			);
			path = Fonts;
			sourceTree = "<group>";
		};
		80EF34672925B68300C8495F /* Music */ = {
			isa = PBXGroup;
			children = (
				80EF345A2925B67500C8495F /* menuPrincipal.mp3 */,
			);
			path = Music;
			sourceTree = "<group>";
		};
		80EF34742925B71200C8495F /* Model */ = {
			isa = PBXGroup;
			children = (
				80EF34752925B71B00C8495F /* MainCharModel.swift */,
			);
			path = Model;
			sourceTree = "<group>";
		};
		80EF34992925BFD800C8495F /* EnemyMovement */ = {
			isa = PBXGroup;
			children = (
				80EF349A2925BFD800C8495F /* EnemyMovevement.swift */,
			);
			path = EnemyMovement;
			sourceTree = "<group>";
		};
		80EF349C2925BFE800C8495F /* EnemyVision */ = {
			isa = PBXGroup;
			children = (
				80EF349D2925BFE800C8495F /* EnemyVision.swift */,
			);
			path = EnemyVision;
			sourceTree = "<group>";
		};
		898D1C28292B2E5F0044F6D0 /* Localizable */ = {
			isa = PBXGroup;
			children = (
				898D1C29292B2E740044F6D0 /* Level1.strings */,
			);
			path = Localizable;
			sourceTree = "<group>";
		};
/* End PBXGroup section */

/* Begin PBXNativeTarget section */
		80EF34122925B44B00C8495F /* XunathNewProject */ = {
			isa = PBXNativeTarget;
			buildConfigurationList = 80EF34382925B44D00C8495F /* Build configuration list for PBXNativeTarget "XunathNewProject" */;
			buildPhases = (
				80EF340F2925B44B00C8495F /* Sources */,
				80EF34102925B44B00C8495F /* Frameworks */,
				80EF34112925B44B00C8495F /* Resources */,
			);
			buildRules = (
			);
			dependencies = (
			);
			name = XunathNewProject;
			productName = XunathNewProject;
			productReference = 80EF34132925B44B00C8495F /* XunathNewProject.app */;
			productType = "com.apple.product-type.application";
		};
		80EF34232925B44D00C8495F /* XunathNewProjectTests */ = {
			isa = PBXNativeTarget;
			buildConfigurationList = 80EF343B2925B44D00C8495F /* Build configuration list for PBXNativeTarget "XunathNewProjectTests" */;
			buildPhases = (
				80EF34202925B44D00C8495F /* Sources */,
				80EF34212925B44D00C8495F /* Frameworks */,
				80EF34222925B44D00C8495F /* Resources */,
			);
			buildRules = (
			);
			dependencies = (
				80EF34262925B44D00C8495F /* PBXTargetDependency */,
			);
			name = XunathNewProjectTests;
			productName = XunathNewProjectTests;
			productReference = 80EF34242925B44D00C8495F /* XunathNewProjectTests.xctest */;
			productType = "com.apple.product-type.bundle.unit-test";
		};
		80EF342D2925B44D00C8495F /* XunathNewProjectUITests */ = {
			isa = PBXNativeTarget;
			buildConfigurationList = 80EF343E2925B44D00C8495F /* Build configuration list for PBXNativeTarget "XunathNewProjectUITests" */;
			buildPhases = (
				80EF342A2925B44D00C8495F /* Sources */,
				80EF342B2925B44D00C8495F /* Frameworks */,
				80EF342C2925B44D00C8495F /* Resources */,
			);
			buildRules = (
			);
			dependencies = (
				80EF34302925B44D00C8495F /* PBXTargetDependency */,
			);
			name = XunathNewProjectUITests;
			productName = XunathNewProjectUITests;
			productReference = 80EF342E2925B44D00C8495F /* XunathNewProjectUITests.xctest */;
			productType = "com.apple.product-type.bundle.ui-testing";
		};
/* End PBXNativeTarget section */

/* Begin PBXProject section */
		80EF340B2925B44B00C8495F /* Project object */ = {
			isa = PBXProject;
			attributes = {
				BuildIndependentTargetsInParallel = 1;
				LastSwiftUpdateCheck = 1410;
				LastUpgradeCheck = 1410;
				TargetAttributes = {
					80EF34122925B44B00C8495F = {
						CreatedOnToolsVersion = 14.1;
					};
					80EF34232925B44D00C8495F = {
						CreatedOnToolsVersion = 14.1;
						TestTargetID = 80EF34122925B44B00C8495F;
					};
					80EF342D2925B44D00C8495F = {
						CreatedOnToolsVersion = 14.1;
						TestTargetID = 80EF34122925B44B00C8495F;
					};
				};
			};
			buildConfigurationList = 80EF340E2925B44B00C8495F /* Build configuration list for PBXProject "XunathNewProject" */;
			compatibilityVersion = "Xcode 14.0";
			developmentRegion = en;
			hasScannedForEncodings = 0;
			knownRegions = (
				en,
				Base,
			);
			mainGroup = 80EF340A2925B44B00C8495F;
			productRefGroup = 80EF34142925B44B00C8495F /* Products */;
			projectDirPath = "";
			projectRoot = "";
			targets = (
				80EF34122925B44B00C8495F /* XunathNewProject */,
				80EF34232925B44D00C8495F /* XunathNewProjectTests */,
				80EF342D2925B44D00C8495F /* XunathNewProjectUITests */,
			);
		};
/* End PBXProject section */

/* Begin PBXResourcesBuildPhase section */
		80EF34112925B44B00C8495F /* Resources */ = {
			isa = PBXResourcesBuildPhase;
			buildActionMask = 2147483647;
			files = (
				80EF34532925B61D00C8495F /* Ground.sks in Resources */,
				80EF34612925B67500C8495F /* menuPrincipal.mp3 in Resources */,
				898D1C2A292B2E740044F6D0 /* Level1.strings in Resources */,
				80EF34642925B67500C8495F /* capitalismo.wav in Resources */,
				80EF34622925B67500C8495F /* ouchie.wav in Resources */,
				8976BEB6293656C8003C6A9A /* FirstLevel.sks in Resources */,
				80EF341E2925B44C00C8495F /* Preview Assets.xcassets in Resources */,
				80EF34552925B61D00C8495F /* Walls.sks in Resources */,
				80EF34662925B67500C8495F /* Alagard.ttf in Resources */,
				80EFC6472939468000E6ABD3 /* TextWall.sks in Resources */,
				80724B09292BCC7A00171CBC /* ThirdLevel.sks in Resources */,
				80EF34652925B67500C8495F /* mori.mp3 in Resources */,
				80EF34542925B61D00C8495F /* Assets.xcassets in Resources */,
				80EF34632925B67500C8495F /* button.wav in Resources */,
				80724B07292B094000171CBC /* SecondLevel.sks in Resources */,
			);
			runOnlyForDeploymentPostprocessing = 0;
		};
		80EF34222925B44D00C8495F /* Resources */ = {
			isa = PBXResourcesBuildPhase;
			buildActionMask = 2147483647;
			files = (
			);
			runOnlyForDeploymentPostprocessing = 0;
		};
		80EF342C2925B44D00C8495F /* Resources */ = {
			isa = PBXResourcesBuildPhase;
			buildActionMask = 2147483647;
			files = (
			);
			runOnlyForDeploymentPostprocessing = 0;
		};
/* End PBXResourcesBuildPhase section */

/* Begin PBXSourcesBuildPhase section */
		80EF340F2925B44B00C8495F /* Sources */ = {
			isa = PBXSourcesBuildPhase;
			buildActionMask = 2147483647;
			files = (
				80EF346E2925B6B100C8495F /* AVAudioPlayer+Extension.swift in Sources */,
				80EF346F2925B6B100C8495F /* SoundFile.swift in Sources */,
				80EF347E2925BA2E00C8495F /* AnimatedCharacter.swift in Sources */,
				80EF346D2925B6B100C8495F /* AudioFiles.swift in Sources */,
				80EF347A2925B8F100C8495F /* FirstLevel.swift in Sources */,
				80EFC64429382FFC00E6ABD3 /* FirstLevelWords.swift in Sources */,
				80EF34192925B44B00C8495F /* ContentView.swift in Sources */,
				8933281A2935A0F600DB78D8 /* FirstLevelView.swift in Sources */,
				80EF34722925B6E600C8495F /* Keybinds.swift in Sources */,
				80EF34842925BACD00C8495F /* Collidable.swift in Sources */,
				80EF34A02925C00A00C8495F /* EnemyFlyweight.swift in Sources */,
				896FB6BB2935029D005A1BB4 /* SceneManager.swift in Sources */,
				80A95249292D4EAB005F4315 /* Collision.swift in Sources */,
				80EF349B2925BFD800C8495F /* EnemyMovevement.swift in Sources */,
				896FB6B92935010A005A1BB4 /* MainMenuView.swift in Sources */,
				80EF34822925BAAA00C8495F /* PlayerControllable.swift in Sources */,
				80EF34882925BB3600C8495F /* AnimationSet.swift in Sources */,
				896FB6BD293504EA005A1BB4 /* StaticScreenSize.swift in Sources */,
				80EF348A2925BB4D00C8495F /* CombatSkillsPlayer.swift in Sources */,
				89F69BF5292D4BF400C36DFB /* SaveManager.swift in Sources */,
				80EF34942925BF2E00C8495F /* KindOfEnemy.swift in Sources */,
				80EF346C2925B6B100C8495F /* AudioPlayerImplementation.swift in Sources */,
				80EF34172925B44B00C8495F /* XunathNewProjectApp.swift in Sources */,
				80EF348C2925BD5500C8495F /* MainCamera.swift in Sources */,
				80EF34922925BEC500C8495F /* Enemy.swift in Sources */,
				80EF347C2925B96B00C8495F /* MainCharacter.swift in Sources */,
				80EF34732925B6E600C8495F /* BitMasks.swift in Sources */,
				80EF34962925BF6200C8495F /* FlyweightAnimatedEnemy.swift in Sources */,
				89ED1AF0292BF2600038F13C /* GameResources.swift in Sources */,
				80EF34982925BF8100C8495F /* CombatSkillsEnemy.swift in Sources */,
				80EF34762925B71C00C8495F /* MainCharModel.swift in Sources */,
				8031FDB429313B1000A387CC /* InteractionWall.swift in Sources */,
				80EF34862925BB0800C8495F /* CombatAttributes.swift in Sources */,
				80EF349E2925BFE800C8495F /* EnemyVision.swift in Sources */,
			);
			runOnlyForDeploymentPostprocessing = 0;
		};
		80EF34202925B44D00C8495F /* Sources */ = {
			isa = PBXSourcesBuildPhase;
			buildActionMask = 2147483647;
			files = (
				80EF34292925B44D00C8495F /* XunathNewProjectTests.swift in Sources */,
			);
			runOnlyForDeploymentPostprocessing = 0;
		};
		80EF342A2925B44D00C8495F /* Sources */ = {
			isa = PBXSourcesBuildPhase;
			buildActionMask = 2147483647;
			files = (
				80EF34332925B44D00C8495F /* XunathNewProjectUITests.swift in Sources */,
				80EF34352925B44D00C8495F /* XunathNewProjectUITestsLaunchTests.swift in Sources */,
			);
			runOnlyForDeploymentPostprocessing = 0;
		};
/* End PBXSourcesBuildPhase section */

/* Begin PBXTargetDependency section */
		80EF34262925B44D00C8495F /* PBXTargetDependency */ = {
			isa = PBXTargetDependency;
			target = 80EF34122925B44B00C8495F /* XunathNewProject */;
			targetProxy = 80EF34252925B44D00C8495F /* PBXContainerItemProxy */;
		};
		80EF34302925B44D00C8495F /* PBXTargetDependency */ = {
			isa = PBXTargetDependency;
			target = 80EF34122925B44B00C8495F /* XunathNewProject */;
			targetProxy = 80EF342F2925B44D00C8495F /* PBXContainerItemProxy */;
		};
/* End PBXTargetDependency section */

/* Begin XCBuildConfiguration section */
		80EF34362925B44D00C8495F /* Debug */ = {
			isa = XCBuildConfiguration;
			buildSettings = {
				ALWAYS_SEARCH_USER_PATHS = NO;
				CLANG_ANALYZER_NONNULL = YES;
				CLANG_ANALYZER_NUMBER_OBJECT_CONVERSION = YES_AGGRESSIVE;
				CLANG_CXX_LANGUAGE_STANDARD = "gnu++20";
				CLANG_ENABLE_MODULES = YES;
				CLANG_ENABLE_OBJC_ARC = YES;
				CLANG_ENABLE_OBJC_WEAK = YES;
				CLANG_WARN_BLOCK_CAPTURE_AUTORELEASING = YES;
				CLANG_WARN_BOOL_CONVERSION = YES;
				CLANG_WARN_COMMA = YES;
				CLANG_WARN_CONSTANT_CONVERSION = YES;
				CLANG_WARN_DEPRECATED_OBJC_IMPLEMENTATIONS = YES;
				CLANG_WARN_DIRECT_OBJC_ISA_USAGE = YES_ERROR;
				CLANG_WARN_DOCUMENTATION_COMMENTS = YES;
				CLANG_WARN_EMPTY_BODY = YES;
				CLANG_WARN_ENUM_CONVERSION = YES;
				CLANG_WARN_INFINITE_RECURSION = YES;
				CLANG_WARN_INT_CONVERSION = YES;
				CLANG_WARN_NON_LITERAL_NULL_CONVERSION = YES;
				CLANG_WARN_OBJC_IMPLICIT_RETAIN_SELF = YES;
				CLANG_WARN_OBJC_LITERAL_CONVERSION = YES;
				CLANG_WARN_OBJC_ROOT_CLASS = YES_ERROR;
				CLANG_WARN_QUOTED_INCLUDE_IN_FRAMEWORK_HEADER = YES;
				CLANG_WARN_RANGE_LOOP_ANALYSIS = YES;
				CLANG_WARN_STRICT_PROTOTYPES = YES;
				CLANG_WARN_SUSPICIOUS_MOVE = YES;
				CLANG_WARN_UNGUARDED_AVAILABILITY = YES_AGGRESSIVE;
				CLANG_WARN_UNREACHABLE_CODE = YES;
				CLANG_WARN__DUPLICATE_METHOD_MATCH = YES;
				COPY_PHASE_STRIP = NO;
				DEBUG_INFORMATION_FORMAT = dwarf;
				ENABLE_STRICT_OBJC_MSGSEND = YES;
				ENABLE_TESTABILITY = YES;
				GCC_C_LANGUAGE_STANDARD = gnu11;
				GCC_DYNAMIC_NO_PIC = NO;
				GCC_NO_COMMON_BLOCKS = YES;
				GCC_OPTIMIZATION_LEVEL = 0;
				GCC_PREPROCESSOR_DEFINITIONS = (
					"DEBUG=1",
					"$(inherited)",
				);
				GCC_WARN_64_TO_32_BIT_CONVERSION = YES;
				GCC_WARN_ABOUT_RETURN_TYPE = YES_ERROR;
				GCC_WARN_UNDECLARED_SELECTOR = YES;
				GCC_WARN_UNINITIALIZED_AUTOS = YES_AGGRESSIVE;
				GCC_WARN_UNUSED_FUNCTION = YES;
				GCC_WARN_UNUSED_VARIABLE = YES;
				MACOSX_DEPLOYMENT_TARGET = 12.6;
				MTL_ENABLE_DEBUG_INFO = INCLUDE_SOURCE;
				MTL_FAST_MATH = YES;
				ONLY_ACTIVE_ARCH = YES;
				SDKROOT = macosx;
				SWIFT_ACTIVE_COMPILATION_CONDITIONS = DEBUG;
				SWIFT_OPTIMIZATION_LEVEL = "-Onone";
			};
			name = Debug;
		};
		80EF34372925B44D00C8495F /* Release */ = {
			isa = XCBuildConfiguration;
			buildSettings = {
				ALWAYS_SEARCH_USER_PATHS = NO;
				CLANG_ANALYZER_NONNULL = YES;
				CLANG_ANALYZER_NUMBER_OBJECT_CONVERSION = YES_AGGRESSIVE;
				CLANG_CXX_LANGUAGE_STANDARD = "gnu++20";
				CLANG_ENABLE_MODULES = YES;
				CLANG_ENABLE_OBJC_ARC = YES;
				CLANG_ENABLE_OBJC_WEAK = YES;
				CLANG_WARN_BLOCK_CAPTURE_AUTORELEASING = YES;
				CLANG_WARN_BOOL_CONVERSION = YES;
				CLANG_WARN_COMMA = YES;
				CLANG_WARN_CONSTANT_CONVERSION = YES;
				CLANG_WARN_DEPRECATED_OBJC_IMPLEMENTATIONS = YES;
				CLANG_WARN_DIRECT_OBJC_ISA_USAGE = YES_ERROR;
				CLANG_WARN_DOCUMENTATION_COMMENTS = YES;
				CLANG_WARN_EMPTY_BODY = YES;
				CLANG_WARN_ENUM_CONVERSION = YES;
				CLANG_WARN_INFINITE_RECURSION = YES;
				CLANG_WARN_INT_CONVERSION = YES;
				CLANG_WARN_NON_LITERAL_NULL_CONVERSION = YES;
				CLANG_WARN_OBJC_IMPLICIT_RETAIN_SELF = YES;
				CLANG_WARN_OBJC_LITERAL_CONVERSION = YES;
				CLANG_WARN_OBJC_ROOT_CLASS = YES_ERROR;
				CLANG_WARN_QUOTED_INCLUDE_IN_FRAMEWORK_HEADER = YES;
				CLANG_WARN_RANGE_LOOP_ANALYSIS = YES;
				CLANG_WARN_STRICT_PROTOTYPES = YES;
				CLANG_WARN_SUSPICIOUS_MOVE = YES;
				CLANG_WARN_UNGUARDED_AVAILABILITY = YES_AGGRESSIVE;
				CLANG_WARN_UNREACHABLE_CODE = YES;
				CLANG_WARN__DUPLICATE_METHOD_MATCH = YES;
				COPY_PHASE_STRIP = NO;
				DEBUG_INFORMATION_FORMAT = "dwarf-with-dsym";
				ENABLE_NS_ASSERTIONS = NO;
				ENABLE_STRICT_OBJC_MSGSEND = YES;
				GCC_C_LANGUAGE_STANDARD = gnu11;
				GCC_NO_COMMON_BLOCKS = YES;
				GCC_WARN_64_TO_32_BIT_CONVERSION = YES;
				GCC_WARN_ABOUT_RETURN_TYPE = YES_ERROR;
				GCC_WARN_UNDECLARED_SELECTOR = YES;
				GCC_WARN_UNINITIALIZED_AUTOS = YES_AGGRESSIVE;
				GCC_WARN_UNUSED_FUNCTION = YES;
				GCC_WARN_UNUSED_VARIABLE = YES;
				MACOSX_DEPLOYMENT_TARGET = 12.6;
				MTL_ENABLE_DEBUG_INFO = NO;
				MTL_FAST_MATH = YES;
				SDKROOT = macosx;
				SWIFT_COMPILATION_MODE = wholemodule;
				SWIFT_OPTIMIZATION_LEVEL = "-O";
			};
			name = Release;
		};
		80EF34392925B44D00C8495F /* Debug */ = {
			isa = XCBuildConfiguration;
			buildSettings = {
				ASSETCATALOG_COMPILER_APPICON_NAME = AppIcon;
				ASSETCATALOG_COMPILER_GLOBAL_ACCENT_COLOR_NAME = AccentColor;
				CODE_SIGN_ENTITLEMENTS = XunathNewProject/XunathNewProject.entitlements;
				CODE_SIGN_STYLE = Automatic;
				COMBINE_HIDPI_IMAGES = YES;
				CURRENT_PROJECT_VERSION = 1;
				DEVELOPMENT_ASSET_PATHS = "\"XunathNewProject/Preview Content\"";
				DEVELOPMENT_TEAM = XX7XNXK564;
				ENABLE_HARDENED_RUNTIME = YES;
				ENABLE_PREVIEWS = YES;
				GENERATE_INFOPLIST_FILE = YES;
				INFOPLIST_KEY_NSHumanReadableCopyright = "";
				LD_RUNPATH_SEARCH_PATHS = (
					"$(inherited)",
					"@executable_path/../Frameworks",
				);
				MACOSX_DEPLOYMENT_TARGET = 12.0;
				MARKETING_VERSION = 1.0;
				PRODUCT_BUNDLE_IDENTIFIER = com.ArthurMartins.XunathNewProject;
				PRODUCT_NAME = "$(TARGET_NAME)";
				SWIFT_EMIT_LOC_STRINGS = YES;
				SWIFT_VERSION = 5.0;
			};
			name = Debug;
		};
		80EF343A2925B44D00C8495F /* Release */ = {
			isa = XCBuildConfiguration;
			buildSettings = {
				ASSETCATALOG_COMPILER_APPICON_NAME = AppIcon;
				ASSETCATALOG_COMPILER_GLOBAL_ACCENT_COLOR_NAME = AccentColor;
				CODE_SIGN_ENTITLEMENTS = XunathNewProject/XunathNewProject.entitlements;
				CODE_SIGN_STYLE = Automatic;
				COMBINE_HIDPI_IMAGES = YES;
				CURRENT_PROJECT_VERSION = 1;
				DEVELOPMENT_ASSET_PATHS = "\"XunathNewProject/Preview Content\"";
				DEVELOPMENT_TEAM = XX7XNXK564;
				ENABLE_HARDENED_RUNTIME = YES;
				ENABLE_PREVIEWS = YES;
				GENERATE_INFOPLIST_FILE = YES;
				INFOPLIST_KEY_NSHumanReadableCopyright = "";
				LD_RUNPATH_SEARCH_PATHS = (
					"$(inherited)",
					"@executable_path/../Frameworks",
				);
				MACOSX_DEPLOYMENT_TARGET = 12.0;
				MARKETING_VERSION = 1.0;
				PRODUCT_BUNDLE_IDENTIFIER = com.ArthurMartins.XunathNewProject;
				PRODUCT_NAME = "$(TARGET_NAME)";
				SWIFT_EMIT_LOC_STRINGS = YES;
				SWIFT_VERSION = 5.0;
			};
			name = Release;
		};
		80EF343C2925B44D00C8495F /* Debug */ = {
			isa = XCBuildConfiguration;
			buildSettings = {
				ALWAYS_EMBED_SWIFT_STANDARD_LIBRARIES = YES;
				BUNDLE_LOADER = "$(TEST_HOST)";
				CODE_SIGN_STYLE = Automatic;
				CURRENT_PROJECT_VERSION = 1;
				DEVELOPMENT_TEAM = XX7XNXK564;
				GENERATE_INFOPLIST_FILE = YES;
				MACOSX_DEPLOYMENT_TARGET = 12.6;
				MARKETING_VERSION = 1.0;
				PRODUCT_BUNDLE_IDENTIFIER = com.ArthurMartins.XunathNewProjectTests;
				PRODUCT_NAME = "$(TARGET_NAME)";
				SWIFT_EMIT_LOC_STRINGS = NO;
				SWIFT_VERSION = 5.0;
				TEST_HOST = "$(BUILT_PRODUCTS_DIR)/XunathNewProject.app/$(BUNDLE_EXECUTABLE_FOLDER_PATH)/XunathNewProject";
			};
			name = Debug;
		};
		80EF343D2925B44D00C8495F /* Release */ = {
			isa = XCBuildConfiguration;
			buildSettings = {
				ALWAYS_EMBED_SWIFT_STANDARD_LIBRARIES = YES;
				BUNDLE_LOADER = "$(TEST_HOST)";
				CODE_SIGN_STYLE = Automatic;
				CURRENT_PROJECT_VERSION = 1;
				DEVELOPMENT_TEAM = XX7XNXK564;
				GENERATE_INFOPLIST_FILE = YES;
				MACOSX_DEPLOYMENT_TARGET = 12.6;
				MARKETING_VERSION = 1.0;
				PRODUCT_BUNDLE_IDENTIFIER = com.ArthurMartins.XunathNewProjectTests;
				PRODUCT_NAME = "$(TARGET_NAME)";
				SWIFT_EMIT_LOC_STRINGS = NO;
				SWIFT_VERSION = 5.0;
				TEST_HOST = "$(BUILT_PRODUCTS_DIR)/XunathNewProject.app/$(BUNDLE_EXECUTABLE_FOLDER_PATH)/XunathNewProject";
			};
			name = Release;
		};
		80EF343F2925B44D00C8495F /* Debug */ = {
			isa = XCBuildConfiguration;
			buildSettings = {
				ALWAYS_EMBED_SWIFT_STANDARD_LIBRARIES = YES;
				CODE_SIGN_STYLE = Automatic;
				CURRENT_PROJECT_VERSION = 1;
				DEVELOPMENT_TEAM = XX7XNXK564;
				GENERATE_INFOPLIST_FILE = YES;
				MARKETING_VERSION = 1.0;
				PRODUCT_BUNDLE_IDENTIFIER = com.ArthurMartins.XunathNewProjectUITests;
				PRODUCT_NAME = "$(TARGET_NAME)";
				SWIFT_EMIT_LOC_STRINGS = NO;
				SWIFT_VERSION = 5.0;
				TEST_TARGET_NAME = XunathNewProject;
			};
			name = Debug;
		};
		80EF34402925B44D00C8495F /* Release */ = {
			isa = XCBuildConfiguration;
			buildSettings = {
				ALWAYS_EMBED_SWIFT_STANDARD_LIBRARIES = YES;
				CODE_SIGN_STYLE = Automatic;
				CURRENT_PROJECT_VERSION = 1;
				DEVELOPMENT_TEAM = XX7XNXK564;
				GENERATE_INFOPLIST_FILE = YES;
				MARKETING_VERSION = 1.0;
				PRODUCT_BUNDLE_IDENTIFIER = com.ArthurMartins.XunathNewProjectUITests;
				PRODUCT_NAME = "$(TARGET_NAME)";
				SWIFT_EMIT_LOC_STRINGS = NO;
				SWIFT_VERSION = 5.0;
				TEST_TARGET_NAME = XunathNewProject;
			};
			name = Release;
		};
/* End XCBuildConfiguration section */

/* Begin XCConfigurationList section */
		80EF340E2925B44B00C8495F /* Build configuration list for PBXProject "XunathNewProject" */ = {
			isa = XCConfigurationList;
			buildConfigurations = (
				80EF34362925B44D00C8495F /* Debug */,
				80EF34372925B44D00C8495F /* Release */,
			);
			defaultConfigurationIsVisible = 0;
			defaultConfigurationName = Release;
		};
		80EF34382925B44D00C8495F /* Build configuration list for PBXNativeTarget "XunathNewProject" */ = {
			isa = XCConfigurationList;
			buildConfigurations = (
				80EF34392925B44D00C8495F /* Debug */,
				80EF343A2925B44D00C8495F /* Release */,
			);
			defaultConfigurationIsVisible = 0;
			defaultConfigurationName = Release;
		};
		80EF343B2925B44D00C8495F /* Build configuration list for PBXNativeTarget "XunathNewProjectTests" */ = {
			isa = XCConfigurationList;
			buildConfigurations = (
				80EF343C2925B44D00C8495F /* Debug */,
				80EF343D2925B44D00C8495F /* Release */,
			);
			defaultConfigurationIsVisible = 0;
			defaultConfigurationName = Release;
		};
		80EF343E2925B44D00C8495F /* Build configuration list for PBXNativeTarget "XunathNewProjectUITests" */ = {
			isa = XCConfigurationList;
			buildConfigurations = (
				80EF343F2925B44D00C8495F /* Debug */,
				80EF34402925B44D00C8495F /* Release */,
			);
			defaultConfigurationIsVisible = 0;
			defaultConfigurationName = Release;
		};
/* End XCConfigurationList section */
	};
	rootObject = 80EF340B2925B44B00C8495F /* Project object */;
}
